// !$*UTF8*$!
{
	archiveVersion = 1;
	classes = {
	};
	objectVersion = 46;
	objects = {

/* Begin PBXBuildFile section */
		BD000B971BEC48C300D04608 /* CreatinineClearance.m in Sources */ = {isa = PBXBuildFile; fileRef = BD000B961BEC48C300D04608 /* CreatinineClearance.m */; };
		BD0219EF1BEAA02A00EBB523 /* UrineVolume.m in Sources */ = {isa = PBXBuildFile; fileRef = BD0219EE1BEAA02A00EBB523 /* UrineVolume.m */; };
		BD2F8A971BFC1D56007FDCB1 /* DualSerumCreatinineViewController.m in Sources */ = {isa = PBXBuildFile; fileRef = BD2F8A961BFC1D56007FDCB1 /* DualSerumCreatinineViewController.m */; };
		BD3B0DA31C000A3200E28932 /* Albumin.m in Sources */ = {isa = PBXBuildFile; fileRef = BD3B0DA21C000A3200E28932 /* Albumin.m */; };
		BD3B0DA91C000FA600E28932 /* AlbuminConcentration.m in Sources */ = {isa = PBXBuildFile; fileRef = BD3B0DA81C000FA600E28932 /* AlbuminConcentration.m */; };
		BD5ADF6E1BE45D240037E7D1 /* VancomycinNavigationControllerViewController.m in Sources */ = {isa = PBXBuildFile; fileRef = BD5ADF6D1BE45D240037E7D1 /* VancomycinNavigationControllerViewController.m */; };
		BD5ADF711BE471CC0037E7D1 /* FlowRate.m in Sources */ = {isa = PBXBuildFile; fileRef = BD5ADF701BE471CC0037E7D1 /* FlowRate.m */; };
		BD62CA7C1BFF627000FD2DB5 /* BUNConcentration.m in Sources */ = {isa = PBXBuildFile; fileRef = BD62CA7B1BFF627000FD2DB5 /* BUNConcentration.m */; };
		BD8174851BFE707000B41B6B /* SingleValueSerumCreatinineViewController.m in Sources */ = {isa = PBXBuildFile; fileRef = BD8174841BFE707000B41B6B /* SingleValueSerumCreatinineViewController.m */; };
		BD8174881BFE716800B41B6B /* BUN.m in Sources */ = {isa = PBXBuildFile; fileRef = BD8174871BFE716800B41B6B /* BUN.m */; };
		BDBFA13F1BF42DAE00C1FDCD /* BaseValue.m in Sources */ = {isa = PBXBuildFile; fileRef = BDBFA13E1BF42DAE00C1FDCD /* BaseValue.m */; };
		BDC2180E1BDFC6DC00A3D172 /* main.m in Sources */ = {isa = PBXBuildFile; fileRef = BDC2180D1BDFC6DC00A3D172 /* main.m */; };
		BDC218111BDFC6DC00A3D172 /* AppDelegate.m in Sources */ = {isa = PBXBuildFile; fileRef = BDC218101BDFC6DC00A3D172 /* AppDelegate.m */; };
		BDC218171BDFC6DC00A3D172 /* Main.storyboard in Resources */ = {isa = PBXBuildFile; fileRef = BDC218151BDFC6DC00A3D172 /* Main.storyboard */; };
		BDC218191BDFC6DC00A3D172 /* Assets.xcassets in Resources */ = {isa = PBXBuildFile; fileRef = BDC218181BDFC6DC00A3D172 /* Assets.xcassets */; };
		BDC2181C1BDFC6DC00A3D172 /* LaunchScreen.storyboard in Resources */ = {isa = PBXBuildFile; fileRef = BDC2181A1BDFC6DC00A3D172 /* LaunchScreen.storyboard */; };
		BDC218271BDFC6DC00A3D172 /* VancomycinTests.m in Sources */ = {isa = PBXBuildFile; fileRef = BDC218261BDFC6DC00A3D172 /* VancomycinTests.m */; };
		BDC218321BDFC6DC00A3D172 /* VancomycinUITests.m in Sources */ = {isa = PBXBuildFile; fileRef = BDC218311BDFC6DC00A3D172 /* VancomycinUITests.m */; };
		BDC218441BDFC78300A3D172 /* Weight.m in Sources */ = {isa = PBXBuildFile; fileRef = BDC218431BDFC78300A3D172 /* Weight.m */; };
		BDC218471BDFC79800A3D172 /* Height.m in Sources */ = {isa = PBXBuildFile; fileRef = BDC218461BDFC79800A3D172 /* Height.m */; };
		BDC2184A1BDFC7A500A3D172 /* Age.m in Sources */ = {isa = PBXBuildFile; fileRef = BDC218491BDFC7A500A3D172 /* Age.m */; };
		BDC2184D1BDFC7BE00A3D172 /* BasicInformation.m in Sources */ = {isa = PBXBuildFile; fileRef = BDC2184C1BDFC7BE00A3D172 /* BasicInformation.m */; };
		BDC218521BDFC99700A3D172 /* Gender.m in Sources */ = {isa = PBXBuildFile; fileRef = BDC218511BDFC99700A3D172 /* Gender.m */; };
		BDC218551BDFC9B300A3D172 /* Amputations.m in Sources */ = {isa = PBXBuildFile; fileRef = BDC218541BDFC9B300A3D172 /* Amputations.m */; };
		BDC218581BDFC9CD00A3D172 /* TableItem.m in Sources */ = {isa = PBXBuildFile; fileRef = BDC218571BDFC9CD00A3D172 /* TableItem.m */; };
		BDC2185E1BDFCF9800A3D172 /* RenalInformation.m in Sources */ = {isa = PBXBuildFile; fileRef = BDC2185D1BDFCF9800A3D172 /* RenalInformation.m */; };
		BDC218611BDFCFAA00A3D172 /* SerumCreatinine.m in Sources */ = {isa = PBXBuildFile; fileRef = BDC218601BDFCFAA00A3D172 /* SerumCreatinine.m */; };
		BDC218641BDFD06300A3D172 /* UrineCreatinine.m in Sources */ = {isa = PBXBuildFile; fileRef = BDC218631BDFD06300A3D172 /* UrineCreatinine.m */; };
		BDC218671BDFD0E600A3D172 /* EliminationTableItem.m in Sources */ = {isa = PBXBuildFile; fileRef = BDC218661BDFD0E600A3D172 /* EliminationTableItem.m */; };
		BDC2186A1BDFD12800A3D172 /* DialysisTableItem.m in Sources */ = {isa = PBXBuildFile; fileRef = BDC218691BDFD12800A3D172 /* DialysisTableItem.m */; };
		BDC218701BDFD76100A3D172 /* CalculatedClearanceInformation.m in Sources */ = {isa = PBXBuildFile; fileRef = BDC2186F1BDFD76100A3D172 /* CalculatedClearanceInformation.m */; };
		BDC218731BDFD7EA00A3D172 /* SingleSerumCreatinineInformation.m in Sources */ = {isa = PBXBuildFile; fileRef = BDC218721BDFD7EA00A3D172 /* SingleSerumCreatinineInformation.m */; };
		BDC218761BDFD83000A3D172 /* DualSerumCreatinineInformation.m in Sources */ = {isa = PBXBuildFile; fileRef = BDC218751BDFD83000A3D172 /* DualSerumCreatinineInformation.m */; };
		BDC218791BDFD8BC00A3D172 /* _24HourUrineCollection.m in Sources */ = {isa = PBXBuildFile; fileRef = BDC218781BDFD8BC00A3D172 /* _24HourUrineCollection.m */; };
		BDC2187C1BDFD90200A3D172 /* Volume.m in Sources */ = {isa = PBXBuildFile; fileRef = BDC2187B1BDFD90200A3D172 /* Volume.m */; };
		BDC2187F1BDFD90F00A3D172 /* Molecule.m in Sources */ = {isa = PBXBuildFile; fileRef = BDC2187E1BDFD90F00A3D172 /* Molecule.m */; };
		BDC218821BDFD98C00A3D172 /* Concentration.m in Sources */ = {isa = PBXBuildFile; fileRef = BDC218811BDFD98C00A3D172 /* Concentration.m */; };
		BDC218851BDFD9F400A3D172 /* BasicInformationViewController.m in Sources */ = {isa = PBXBuildFile; fileRef = BDC218841BDFD9F400A3D172 /* BasicInformationViewController.m */; };
		BDC218881BDFDA8900A3D172 /* RenalInformationViewController.m in Sources */ = {isa = PBXBuildFile; fileRef = BDC218871BDFDA8900A3D172 /* RenalInformationViewController.m */; };
		BDC2188B1BDFDB0000A3D172 /* VancomycinViewController.m in Sources */ = {isa = PBXBuildFile; fileRef = BDC2188A1BDFDB0000A3D172 /* VancomycinViewController.m */; };
		BDC2188E1BDFDB4F00A3D172 /* CalculatedClearanceTableViewController.m in Sources */ = {isa = PBXBuildFile; fileRef = BDC2188D1BDFDB4F00A3D172 /* CalculatedClearanceTableViewController.m */; };
		BDC218911BDFDC2700A3D172 /* CreatinineConcentration.m in Sources */ = {isa = PBXBuildFile; fileRef = BDC218901BDFDC2700A3D172 /* CreatinineConcentration.m */; };
		BDC218941BDFDC6C00A3D172 /* Creatinine.m in Sources */ = {isa = PBXBuildFile; fileRef = BDC218931BDFDC6C00A3D172 /* Creatinine.m */; };
		BDC218971BDFDCD300A3D172 /* _24HourUrineViewController.m in Sources */ = {isa = PBXBuildFile; fileRef = BDC218961BDFDCD300A3D172 /* _24HourUrineViewController.m */; };
		BDC38E791C0E0F4500EFCE5A /* CustomVancomycinCell.m in Sources */ = {isa = PBXBuildFile; fileRef = BDC38E781C0E0F4500EFCE5A /* CustomVancomycinCell.m */; };
		BDFD2FA21BE69A62002F370D /* Time.m in Sources */ = {isa = PBXBuildFile; fileRef = BDFD2FA11BE69A62002F370D /* Time.m */; };
/* End PBXBuildFile section */

/* Begin PBXContainerItemProxy section */
		BDC218231BDFC6DC00A3D172 /* PBXContainerItemProxy */ = {
			isa = PBXContainerItemProxy;
			containerPortal = BDC218011BDFC6DC00A3D172 /* Project object */;
			proxyType = 1;
			remoteGlobalIDString = BDC218081BDFC6DC00A3D172;
			remoteInfo = Vancomycin;
		};
		BDC2182E1BDFC6DC00A3D172 /* PBXContainerItemProxy */ = {
			isa = PBXContainerItemProxy;
			containerPortal = BDC218011BDFC6DC00A3D172 /* Project object */;
			proxyType = 1;
			remoteGlobalIDString = BDC218081BDFC6DC00A3D172;
			remoteInfo = Vancomycin;
		};
/* End PBXContainerItemProxy section */

/* Begin PBXFileReference section */
		BD000B951BEC48C300D04608 /* CreatinineClearance.h */ = {isa = PBXFileReference; fileEncoding = 4; lastKnownFileType = sourcecode.c.h; path = CreatinineClearance.h; sourceTree = "<group>"; };
		BD000B961BEC48C300D04608 /* CreatinineClearance.m */ = {isa = PBXFileReference; fileEncoding = 4; lastKnownFileType = sourcecode.c.objc; path = CreatinineClearance.m; sourceTree = "<group>"; };
		BD0219ED1BEAA02A00EBB523 /* UrineVolume.h */ = {isa = PBXFileReference; fileEncoding = 4; lastKnownFileType = sourcecode.c.h; path = UrineVolume.h; sourceTree = "<group>"; };
		BD0219EE1BEAA02A00EBB523 /* UrineVolume.m */ = {isa = PBXFileReference; fileEncoding = 4; lastKnownFileType = sourcecode.c.objc; path = UrineVolume.m; sourceTree = "<group>"; };
		BD2F8A951BFC1D56007FDCB1 /* DualSerumCreatinineViewController.h */ = {isa = PBXFileReference; fileEncoding = 4; lastKnownFileType = sourcecode.c.h; path = DualSerumCreatinineViewController.h; sourceTree = "<group>"; };
		BD2F8A961BFC1D56007FDCB1 /* DualSerumCreatinineViewController.m */ = {isa = PBXFileReference; fileEncoding = 4; lastKnownFileType = sourcecode.c.objc; path = DualSerumCreatinineViewController.m; sourceTree = "<group>"; };
		BD3B0DA11C000A3200E28932 /* Albumin.h */ = {isa = PBXFileReference; fileEncoding = 4; lastKnownFileType = sourcecode.c.h; path = Albumin.h; sourceTree = "<group>"; };
		BD3B0DA21C000A3200E28932 /* Albumin.m */ = {isa = PBXFileReference; fileEncoding = 4; lastKnownFileType = sourcecode.c.objc; path = Albumin.m; sourceTree = "<group>"; };
		BD3B0DA71C000FA600E28932 /* AlbuminConcentration.h */ = {isa = PBXFileReference; fileEncoding = 4; lastKnownFileType = sourcecode.c.h; path = AlbuminConcentration.h; sourceTree = "<group>"; };
		BD3B0DA81C000FA600E28932 /* AlbuminConcentration.m */ = {isa = PBXFileReference; fileEncoding = 4; lastKnownFileType = sourcecode.c.objc; path = AlbuminConcentration.m; sourceTree = "<group>"; };
		BD5ADF6C1BE45D240037E7D1 /* VancomycinNavigationControllerViewController.h */ = {isa = PBXFileReference; fileEncoding = 4; lastKnownFileType = sourcecode.c.h; path = VancomycinNavigationControllerViewController.h; sourceTree = "<group>"; };
		BD5ADF6D1BE45D240037E7D1 /* VancomycinNavigationControllerViewController.m */ = {isa = PBXFileReference; fileEncoding = 4; lastKnownFileType = sourcecode.c.objc; path = VancomycinNavigationControllerViewController.m; sourceTree = "<group>"; };
		BD5ADF6F1BE471CC0037E7D1 /* FlowRate.h */ = {isa = PBXFileReference; fileEncoding = 4; lastKnownFileType = sourcecode.c.h; path = FlowRate.h; sourceTree = "<group>"; };
		BD5ADF701BE471CC0037E7D1 /* FlowRate.m */ = {isa = PBXFileReference; fileEncoding = 4; lastKnownFileType = sourcecode.c.objc; path = FlowRate.m; sourceTree = "<group>"; };
		BD62CA7A1BFF627000FD2DB5 /* BUNConcentration.h */ = {isa = PBXFileReference; fileEncoding = 4; lastKnownFileType = sourcecode.c.h; path = BUNConcentration.h; sourceTree = "<group>"; };
		BD62CA7B1BFF627000FD2DB5 /* BUNConcentration.m */ = {isa = PBXFileReference; fileEncoding = 4; lastKnownFileType = sourcecode.c.objc; path = BUNConcentration.m; sourceTree = "<group>"; };
		BD8174831BFE707000B41B6B /* SingleValueSerumCreatinineViewController.h */ = {isa = PBXFileReference; fileEncoding = 4; lastKnownFileType = sourcecode.c.h; path = SingleValueSerumCreatinineViewController.h; sourceTree = "<group>"; };
		BD8174841BFE707000B41B6B /* SingleValueSerumCreatinineViewController.m */ = {isa = PBXFileReference; fileEncoding = 4; lastKnownFileType = sourcecode.c.objc; path = SingleValueSerumCreatinineViewController.m; sourceTree = "<group>"; };
		BD8174861BFE716800B41B6B /* BUN.h */ = {isa = PBXFileReference; fileEncoding = 4; lastKnownFileType = sourcecode.c.h; path = BUN.h; sourceTree = "<group>"; };
		BD8174871BFE716800B41B6B /* BUN.m */ = {isa = PBXFileReference; fileEncoding = 4; lastKnownFileType = sourcecode.c.objc; path = BUN.m; sourceTree = "<group>"; };
		BDBFA13D1BF42DAE00C1FDCD /* BaseValue.h */ = {isa = PBXFileReference; fileEncoding = 4; lastKnownFileType = sourcecode.c.h; path = BaseValue.h; sourceTree = "<group>"; };
		BDBFA13E1BF42DAE00C1FDCD /* BaseValue.m */ = {isa = PBXFileReference; fileEncoding = 4; lastKnownFileType = sourcecode.c.objc; path = BaseValue.m; sourceTree = "<group>"; };
		BDC218091BDFC6DC00A3D172 /* Vancomycin.app */ = {isa = PBXFileReference; explicitFileType = wrapper.application; includeInIndex = 0; path = Vancomycin.app; sourceTree = BUILT_PRODUCTS_DIR; };
		BDC2180D1BDFC6DC00A3D172 /* main.m */ = {isa = PBXFileReference; lastKnownFileType = sourcecode.c.objc; path = main.m; sourceTree = "<group>"; };
		BDC2180F1BDFC6DC00A3D172 /* AppDelegate.h */ = {isa = PBXFileReference; lastKnownFileType = sourcecode.c.h; path = AppDelegate.h; sourceTree = "<group>"; };
		BDC218101BDFC6DC00A3D172 /* AppDelegate.m */ = {isa = PBXFileReference; lastKnownFileType = sourcecode.c.objc; path = AppDelegate.m; sourceTree = "<group>"; };
		BDC218161BDFC6DC00A3D172 /* Base */ = {isa = PBXFileReference; lastKnownFileType = file.storyboard; name = Base; path = Base.lproj/Main.storyboard; sourceTree = "<group>"; };
		BDC218181BDFC6DC00A3D172 /* Assets.xcassets */ = {isa = PBXFileReference; lastKnownFileType = folder.assetcatalog; path = Assets.xcassets; sourceTree = "<group>"; };
		BDC2181B1BDFC6DC00A3D172 /* Base */ = {isa = PBXFileReference; lastKnownFileType = file.storyboard; name = Base; path = Base.lproj/LaunchScreen.storyboard; sourceTree = "<group>"; };
		BDC2181D1BDFC6DC00A3D172 /* Info.plist */ = {isa = PBXFileReference; lastKnownFileType = text.plist.xml; path = Info.plist; sourceTree = "<group>"; };
		BDC218221BDFC6DC00A3D172 /* VancomycinTests.xctest */ = {isa = PBXFileReference; explicitFileType = wrapper.cfbundle; includeInIndex = 0; path = VancomycinTests.xctest; sourceTree = BUILT_PRODUCTS_DIR; };
		BDC218261BDFC6DC00A3D172 /* VancomycinTests.m */ = {isa = PBXFileReference; lastKnownFileType = sourcecode.c.objc; path = VancomycinTests.m; sourceTree = "<group>"; };
		BDC218281BDFC6DC00A3D172 /* Info.plist */ = {isa = PBXFileReference; lastKnownFileType = text.plist.xml; path = Info.plist; sourceTree = "<group>"; };
		BDC2182D1BDFC6DC00A3D172 /* VancomycinUITests.xctest */ = {isa = PBXFileReference; explicitFileType = wrapper.cfbundle; includeInIndex = 0; path = VancomycinUITests.xctest; sourceTree = BUILT_PRODUCTS_DIR; };
		BDC218311BDFC6DC00A3D172 /* VancomycinUITests.m */ = {isa = PBXFileReference; lastKnownFileType = sourcecode.c.objc; path = VancomycinUITests.m; sourceTree = "<group>"; };
		BDC218331BDFC6DC00A3D172 /* Info.plist */ = {isa = PBXFileReference; lastKnownFileType = text.plist.xml; path = Info.plist; sourceTree = "<group>"; };
		BDC218421BDFC78300A3D172 /* Weight.h */ = {isa = PBXFileReference; fileEncoding = 4; lastKnownFileType = sourcecode.c.h; path = Weight.h; sourceTree = "<group>"; };
		BDC218431BDFC78300A3D172 /* Weight.m */ = {isa = PBXFileReference; fileEncoding = 4; lastKnownFileType = sourcecode.c.objc; path = Weight.m; sourceTree = "<group>"; };
		BDC218451BDFC79800A3D172 /* Height.h */ = {isa = PBXFileReference; fileEncoding = 4; lastKnownFileType = sourcecode.c.h; path = Height.h; sourceTree = "<group>"; };
		BDC218461BDFC79800A3D172 /* Height.m */ = {isa = PBXFileReference; fileEncoding = 4; lastKnownFileType = sourcecode.c.objc; path = Height.m; sourceTree = "<group>"; };
		BDC218481BDFC7A500A3D172 /* Age.h */ = {isa = PBXFileReference; fileEncoding = 4; lastKnownFileType = sourcecode.c.h; path = Age.h; sourceTree = "<group>"; };
		BDC218491BDFC7A500A3D172 /* Age.m */ = {isa = PBXFileReference; fileEncoding = 4; lastKnownFileType = sourcecode.c.objc; path = Age.m; sourceTree = "<group>"; };
		BDC2184B1BDFC7BE00A3D172 /* BasicInformation.h */ = {isa = PBXFileReference; fileEncoding = 4; lastKnownFileType = sourcecode.c.h; path = BasicInformation.h; sourceTree = "<group>"; };
		BDC2184C1BDFC7BE00A3D172 /* BasicInformation.m */ = {isa = PBXFileReference; fileEncoding = 4; lastKnownFileType = sourcecode.c.objc; path = BasicInformation.m; sourceTree = "<group>"; };
		BDC2184F1BDFC96700A3D172 /* NumberValue.h */ = {isa = PBXFileReference; lastKnownFileType = sourcecode.c.h; path = NumberValue.h; sourceTree = "<group>"; };
		BDC218501BDFC99700A3D172 /* Gender.h */ = {isa = PBXFileReference; fileEncoding = 4; lastKnownFileType = sourcecode.c.h; path = Gender.h; sourceTree = "<group>"; };
		BDC218511BDFC99700A3D172 /* Gender.m */ = {isa = PBXFileReference; fileEncoding = 4; lastKnownFileType = sourcecode.c.objc; path = Gender.m; sourceTree = "<group>"; };
		BDC218531BDFC9B300A3D172 /* Amputations.h */ = {isa = PBXFileReference; fileEncoding = 4; lastKnownFileType = sourcecode.c.h; path = Amputations.h; sourceTree = "<group>"; };
		BDC218541BDFC9B300A3D172 /* Amputations.m */ = {isa = PBXFileReference; fileEncoding = 4; lastKnownFileType = sourcecode.c.objc; path = Amputations.m; sourceTree = "<group>"; };
		BDC218561BDFC9CD00A3D172 /* TableItem.h */ = {isa = PBXFileReference; fileEncoding = 4; lastKnownFileType = sourcecode.c.h; path = TableItem.h; sourceTree = "<group>"; };
		BDC218571BDFC9CD00A3D172 /* TableItem.m */ = {isa = PBXFileReference; fileEncoding = 4; lastKnownFileType = sourcecode.c.objc; path = TableItem.m; sourceTree = "<group>"; };
		BDC2185C1BDFCF9800A3D172 /* RenalInformation.h */ = {isa = PBXFileReference; fileEncoding = 4; lastKnownFileType = sourcecode.c.h; path = RenalInformation.h; sourceTree = "<group>"; };
		BDC2185D1BDFCF9800A3D172 /* RenalInformation.m */ = {isa = PBXFileReference; fileEncoding = 4; lastKnownFileType = sourcecode.c.objc; path = RenalInformation.m; sourceTree = "<group>"; };
		BDC2185F1BDFCFAA00A3D172 /* SerumCreatinine.h */ = {isa = PBXFileReference; fileEncoding = 4; lastKnownFileType = sourcecode.c.h; path = SerumCreatinine.h; sourceTree = "<group>"; };
		BDC218601BDFCFAA00A3D172 /* SerumCreatinine.m */ = {isa = PBXFileReference; fileEncoding = 4; lastKnownFileType = sourcecode.c.objc; path = SerumCreatinine.m; sourceTree = "<group>"; };
		BDC218621BDFD06300A3D172 /* UrineCreatinine.h */ = {isa = PBXFileReference; fileEncoding = 4; lastKnownFileType = sourcecode.c.h; path = UrineCreatinine.h; sourceTree = "<group>"; };
		BDC218631BDFD06300A3D172 /* UrineCreatinine.m */ = {isa = PBXFileReference; fileEncoding = 4; lastKnownFileType = sourcecode.c.objc; path = UrineCreatinine.m; sourceTree = "<group>"; };
		BDC218651BDFD0E600A3D172 /* EliminationTableItem.h */ = {isa = PBXFileReference; fileEncoding = 4; lastKnownFileType = sourcecode.c.h; path = EliminationTableItem.h; sourceTree = "<group>"; };
		BDC218661BDFD0E600A3D172 /* EliminationTableItem.m */ = {isa = PBXFileReference; fileEncoding = 4; lastKnownFileType = sourcecode.c.objc; path = EliminationTableItem.m; sourceTree = "<group>"; };
		BDC218681BDFD12800A3D172 /* DialysisTableItem.h */ = {isa = PBXFileReference; fileEncoding = 4; lastKnownFileType = sourcecode.c.h; path = DialysisTableItem.h; sourceTree = "<group>"; };
		BDC218691BDFD12800A3D172 /* DialysisTableItem.m */ = {isa = PBXFileReference; fileEncoding = 4; lastKnownFileType = sourcecode.c.objc; path = DialysisTableItem.m; sourceTree = "<group>"; };
		BDC2186E1BDFD76100A3D172 /* CalculatedClearanceInformation.h */ = {isa = PBXFileReference; fileEncoding = 4; lastKnownFileType = sourcecode.c.h; path = CalculatedClearanceInformation.h; sourceTree = "<group>"; };
		BDC2186F1BDFD76100A3D172 /* CalculatedClearanceInformation.m */ = {isa = PBXFileReference; fileEncoding = 4; lastKnownFileType = sourcecode.c.objc; path = CalculatedClearanceInformation.m; sourceTree = "<group>"; };
		BDC218711BDFD7EA00A3D172 /* SingleSerumCreatinineInformation.h */ = {isa = PBXFileReference; fileEncoding = 4; lastKnownFileType = sourcecode.c.h; path = SingleSerumCreatinineInformation.h; sourceTree = "<group>"; };
		BDC218721BDFD7EA00A3D172 /* SingleSerumCreatinineInformation.m */ = {isa = PBXFileReference; fileEncoding = 4; lastKnownFileType = sourcecode.c.objc; path = SingleSerumCreatinineInformation.m; sourceTree = "<group>"; };
		BDC218741BDFD83000A3D172 /* DualSerumCreatinineInformation.h */ = {isa = PBXFileReference; fileEncoding = 4; lastKnownFileType = sourcecode.c.h; path = DualSerumCreatinineInformation.h; sourceTree = "<group>"; };
		BDC218751BDFD83000A3D172 /* DualSerumCreatinineInformation.m */ = {isa = PBXFileReference; fileEncoding = 4; lastKnownFileType = sourcecode.c.objc; path = DualSerumCreatinineInformation.m; sourceTree = "<group>"; };
		BDC218771BDFD8BC00A3D172 /* _24HourUrineCollection.h */ = {isa = PBXFileReference; fileEncoding = 4; lastKnownFileType = sourcecode.c.h; path = _24HourUrineCollection.h; sourceTree = "<group>"; };
		BDC218781BDFD8BC00A3D172 /* _24HourUrineCollection.m */ = {isa = PBXFileReference; fileEncoding = 4; lastKnownFileType = sourcecode.c.objc; path = _24HourUrineCollection.m; sourceTree = "<group>"; };
		BDC2187A1BDFD90200A3D172 /* Volume.h */ = {isa = PBXFileReference; fileEncoding = 4; lastKnownFileType = sourcecode.c.h; path = Volume.h; sourceTree = "<group>"; };
		BDC2187B1BDFD90200A3D172 /* Volume.m */ = {isa = PBXFileReference; fileEncoding = 4; lastKnownFileType = sourcecode.c.objc; path = Volume.m; sourceTree = "<group>"; };
		BDC2187D1BDFD90F00A3D172 /* Molecule.h */ = {isa = PBXFileReference; fileEncoding = 4; lastKnownFileType = sourcecode.c.h; path = Molecule.h; sourceTree = "<group>"; };
		BDC2187E1BDFD90F00A3D172 /* Molecule.m */ = {isa = PBXFileReference; fileEncoding = 4; lastKnownFileType = sourcecode.c.objc; path = Molecule.m; sourceTree = "<group>"; };
		BDC218801BDFD98C00A3D172 /* Concentration.h */ = {isa = PBXFileReference; fileEncoding = 4; lastKnownFileType = sourcecode.c.h; path = Concentration.h; sourceTree = "<group>"; };
		BDC218811BDFD98C00A3D172 /* Concentration.m */ = {isa = PBXFileReference; fileEncoding = 4; lastKnownFileType = sourcecode.c.objc; path = Concentration.m; sourceTree = "<group>"; };
		BDC218831BDFD9F400A3D172 /* BasicInformationViewController.h */ = {isa = PBXFileReference; fileEncoding = 4; lastKnownFileType = sourcecode.c.h; path = BasicInformationViewController.h; sourceTree = "<group>"; };
		BDC218841BDFD9F400A3D172 /* BasicInformationViewController.m */ = {isa = PBXFileReference; fileEncoding = 4; lastKnownFileType = sourcecode.c.objc; path = BasicInformationViewController.m; sourceTree = "<group>"; };
		BDC218861BDFDA8900A3D172 /* RenalInformationViewController.h */ = {isa = PBXFileReference; fileEncoding = 4; lastKnownFileType = sourcecode.c.h; path = RenalInformationViewController.h; sourceTree = "<group>"; };
		BDC218871BDFDA8900A3D172 /* RenalInformationViewController.m */ = {isa = PBXFileReference; fileEncoding = 4; lastKnownFileType = sourcecode.c.objc; path = RenalInformationViewController.m; sourceTree = "<group>"; };
		BDC218891BDFDB0000A3D172 /* VancomycinViewController.h */ = {isa = PBXFileReference; fileEncoding = 4; lastKnownFileType = sourcecode.c.h; path = VancomycinViewController.h; sourceTree = "<group>"; };
		BDC2188A1BDFDB0000A3D172 /* VancomycinViewController.m */ = {isa = PBXFileReference; fileEncoding = 4; lastKnownFileType = sourcecode.c.objc; path = VancomycinViewController.m; sourceTree = "<group>"; };
		BDC2188C1BDFDB4F00A3D172 /* CalculatedClearanceTableViewController.h */ = {isa = PBXFileReference; fileEncoding = 4; lastKnownFileType = sourcecode.c.h; path = CalculatedClearanceTableViewController.h; sourceTree = "<group>"; };
		BDC2188D1BDFDB4F00A3D172 /* CalculatedClearanceTableViewController.m */ = {isa = PBXFileReference; fileEncoding = 4; lastKnownFileType = sourcecode.c.objc; path = CalculatedClearanceTableViewController.m; sourceTree = "<group>"; };
		BDC2188F1BDFDC2700A3D172 /* CreatinineConcentration.h */ = {isa = PBXFileReference; fileEncoding = 4; lastKnownFileType = sourcecode.c.h; path = CreatinineConcentration.h; sourceTree = "<group>"; };
		BDC218901BDFDC2700A3D172 /* CreatinineConcentration.m */ = {isa = PBXFileReference; fileEncoding = 4; lastKnownFileType = sourcecode.c.objc; path = CreatinineConcentration.m; sourceTree = "<group>"; };
		BDC218921BDFDC6C00A3D172 /* Creatinine.h */ = {isa = PBXFileReference; fileEncoding = 4; lastKnownFileType = sourcecode.c.h; path = Creatinine.h; sourceTree = "<group>"; };
		BDC218931BDFDC6C00A3D172 /* Creatinine.m */ = {isa = PBXFileReference; fileEncoding = 4; lastKnownFileType = sourcecode.c.objc; path = Creatinine.m; sourceTree = "<group>"; };
		BDC218951BDFDCD300A3D172 /* _24HourUrineViewController.h */ = {isa = PBXFileReference; fileEncoding = 4; lastKnownFileType = sourcecode.c.h; path = _24HourUrineViewController.h; sourceTree = "<group>"; };
		BDC218961BDFDCD300A3D172 /* _24HourUrineViewController.m */ = {isa = PBXFileReference; fileEncoding = 4; lastKnownFileType = sourcecode.c.objc; path = _24HourUrineViewController.m; sourceTree = "<group>"; };
		BDC38E771C0E0F4500EFCE5A /* CustomVancomycinCell.h */ = {isa = PBXFileReference; fileEncoding = 4; lastKnownFileType = sourcecode.c.h; path = CustomVancomycinCell.h; sourceTree = "<group>"; };
		BDC38E781C0E0F4500EFCE5A /* CustomVancomycinCell.m */ = {isa = PBXFileReference; fileEncoding = 4; lastKnownFileType = sourcecode.c.objc; path = CustomVancomycinCell.m; sourceTree = "<group>"; };
		BDFD2FA01BE69A62002F370D /* Time.h */ = {isa = PBXFileReference; fileEncoding = 4; lastKnownFileType = sourcecode.c.h; path = Time.h; sourceTree = "<group>"; };
		BDFD2FA11BE69A62002F370D /* Time.m */ = {isa = PBXFileReference; fileEncoding = 4; lastKnownFileType = sourcecode.c.objc; path = Time.m; sourceTree = "<group>"; };
/* End PBXFileReference section */

/* Begin PBXFrameworksBuildPhase section */
		BDC218061BDFC6DC00A3D172 /* Frameworks */ = {
			isa = PBXFrameworksBuildPhase;
			buildActionMask = 2147483647;
			files = (
			);
			runOnlyForDeploymentPostprocessing = 0;
		};
		BDC2181F1BDFC6DC00A3D172 /* Frameworks */ = {
			isa = PBXFrameworksBuildPhase;
			buildActionMask = 2147483647;
			files = (
			);
			runOnlyForDeploymentPostprocessing = 0;
		};
		BDC2182A1BDFC6DC00A3D172 /* Frameworks */ = {
			isa = PBXFrameworksBuildPhase;
			buildActionMask = 2147483647;
			files = (
			);
			runOnlyForDeploymentPostprocessing = 0;
		};
/* End PBXFrameworksBuildPhase section */

/* Begin PBXGroup section */
		BDC218001BDFC6DC00A3D172 = {
			isa = PBXGroup;
			children = (
				BDC2184E1BDFC90E00A3D172 /* GeneralTypes */,
				BDC218411BDFC74A00A3D172 /* ClearanceGroup */,
				BDC2183F1BDFC6F800A3D172 /* BasicInformationGroup */,
				BDC2180B1BDFC6DC00A3D172 /* Vancomycin */,
				BDC218251BDFC6DC00A3D172 /* VancomycinTests */,
				BDC218301BDFC6DC00A3D172 /* VancomycinUITests */,
				BDC2180A1BDFC6DC00A3D172 /* Products */,
			);
			sourceTree = "<group>";
		};
		BDC2180A1BDFC6DC00A3D172 /* Products */ = {
			isa = PBXGroup;
			children = (
				BDC218091BDFC6DC00A3D172 /* Vancomycin.app */,
				BDC218221BDFC6DC00A3D172 /* VancomycinTests.xctest */,
				BDC2182D1BDFC6DC00A3D172 /* VancomycinUITests.xctest */,
			);
			name = Products;
			sourceTree = "<group>";
		};
		BDC2180B1BDFC6DC00A3D172 /* Vancomycin */ = {
			isa = PBXGroup;
			children = (
				BDC2180F1BDFC6DC00A3D172 /* AppDelegate.h */,
				BDC218101BDFC6DC00A3D172 /* AppDelegate.m */,
				BDC218151BDFC6DC00A3D172 /* Main.storyboard */,
				BDC218181BDFC6DC00A3D172 /* Assets.xcassets */,
				BDC2181A1BDFC6DC00A3D172 /* LaunchScreen.storyboard */,
				BDC2181D1BDFC6DC00A3D172 /* Info.plist */,
				BDC2180C1BDFC6DC00A3D172 /* Supporting Files */,
				BDC218831BDFD9F400A3D172 /* BasicInformationViewController.h */,
				BDC218841BDFD9F400A3D172 /* BasicInformationViewController.m */,
				BDC218861BDFDA8900A3D172 /* RenalInformationViewController.h */,
				BDC218871BDFDA8900A3D172 /* RenalInformationViewController.m */,
				BDC218891BDFDB0000A3D172 /* VancomycinViewController.h */,
				BDC2188A1BDFDB0000A3D172 /* VancomycinViewController.m */,
				BDC2188C1BDFDB4F00A3D172 /* CalculatedClearanceTableViewController.h */,
				BDC2188D1BDFDB4F00A3D172 /* CalculatedClearanceTableViewController.m */,
				BDC218951BDFDCD300A3D172 /* _24HourUrineViewController.h */,
				BDC218961BDFDCD300A3D172 /* _24HourUrineViewController.m */,
				BD5ADF6C1BE45D240037E7D1 /* VancomycinNavigationControllerViewController.h */,
				BD5ADF6D1BE45D240037E7D1 /* VancomycinNavigationControllerViewController.m */,
				BD2F8A951BFC1D56007FDCB1 /* DualSerumCreatinineViewController.h */,
				BD2F8A961BFC1D56007FDCB1 /* DualSerumCreatinineViewController.m */,
				BD8174831BFE707000B41B6B /* SingleValueSerumCreatinineViewController.h */,
				BD8174841BFE707000B41B6B /* SingleValueSerumCreatinineViewController.m */,
				BDC38E771C0E0F4500EFCE5A /* CustomVancomycinCell.h */,
				BDC38E781C0E0F4500EFCE5A /* CustomVancomycinCell.m */,
			);
			path = Vancomycin;
			sourceTree = "<group>";
		};
		BDC2180C1BDFC6DC00A3D172 /* Supporting Files */ = {
			isa = PBXGroup;
			children = (
				BDC2180D1BDFC6DC00A3D172 /* main.m */,
			);
			name = "Supporting Files";
			sourceTree = "<group>";
		};
		BDC218251BDFC6DC00A3D172 /* VancomycinTests */ = {
			isa = PBXGroup;
			children = (
				BDC218261BDFC6DC00A3D172 /* VancomycinTests.m */,
				BDC218281BDFC6DC00A3D172 /* Info.plist */,
			);
			path = VancomycinTests;
			sourceTree = "<group>";
		};
		BDC218301BDFC6DC00A3D172 /* VancomycinUITests */ = {
			isa = PBXGroup;
			children = (
				BDC218311BDFC6DC00A3D172 /* VancomycinUITests.m */,
				BDC218331BDFC6DC00A3D172 /* Info.plist */,
			);
			path = VancomycinUITests;
			sourceTree = "<group>";
		};
		BDC2183F1BDFC6F800A3D172 /* BasicInformationGroup */ = {
			isa = PBXGroup;
			children = (
				BDC218421BDFC78300A3D172 /* Weight.h */,
				BDC218431BDFC78300A3D172 /* Weight.m */,
				BDC218451BDFC79800A3D172 /* Height.h */,
				BDC218461BDFC79800A3D172 /* Height.m */,
				BDC218481BDFC7A500A3D172 /* Age.h */,
				BDC218491BDFC7A500A3D172 /* Age.m */,
				BDC2184B1BDFC7BE00A3D172 /* BasicInformation.h */,
				BDC2184C1BDFC7BE00A3D172 /* BasicInformation.m */,
				BDC218501BDFC99700A3D172 /* Gender.h */,
				BDC218511BDFC99700A3D172 /* Gender.m */,
				BDC218531BDFC9B300A3D172 /* Amputations.h */,
				BDC218541BDFC9B300A3D172 /* Amputations.m */,
			);
			name = BasicInformationGroup;
			sourceTree = "<group>";
		};
		BDC218411BDFC74A00A3D172 /* ClearanceGroup */ = {
			isa = PBXGroup;
			children = (
				BDC2185C1BDFCF9800A3D172 /* RenalInformation.h */,
				BDC2185D1BDFCF9800A3D172 /* RenalInformation.m */,
				BDC2185F1BDFCFAA00A3D172 /* SerumCreatinine.h */,
				BDC218601BDFCFAA00A3D172 /* SerumCreatinine.m */,
				BDC218621BDFD06300A3D172 /* UrineCreatinine.h */,
				BDC218631BDFD06300A3D172 /* UrineCreatinine.m */,
				BDC218681BDFD12800A3D172 /* DialysisTableItem.h */,
				BDC218691BDFD12800A3D172 /* DialysisTableItem.m */,
				BDC2186E1BDFD76100A3D172 /* CalculatedClearanceInformation.h */,
				BDC2186F1BDFD76100A3D172 /* CalculatedClearanceInformation.m */,
				BDC218711BDFD7EA00A3D172 /* SingleSerumCreatinineInformation.h */,
				BDC218721BDFD7EA00A3D172 /* SingleSerumCreatinineInformation.m */,
				BDC218741BDFD83000A3D172 /* DualSerumCreatinineInformation.h */,
				BDC218751BDFD83000A3D172 /* DualSerumCreatinineInformation.m */,
				BDC218771BDFD8BC00A3D172 /* _24HourUrineCollection.h */,
				BDC218781BDFD8BC00A3D172 /* _24HourUrineCollection.m */,
				BDC2188F1BDFDC2700A3D172 /* CreatinineConcentration.h */,
				BDC218901BDFDC2700A3D172 /* CreatinineConcentration.m */,
				BDC218921BDFDC6C00A3D172 /* Creatinine.h */,
				BDC218931BDFDC6C00A3D172 /* Creatinine.m */,
				BD0219ED1BEAA02A00EBB523 /* UrineVolume.h */,
				BD0219EE1BEAA02A00EBB523 /* UrineVolume.m */,
				BD000B951BEC48C300D04608 /* CreatinineClearance.h */,
				BD000B961BEC48C300D04608 /* CreatinineClearance.m */,
				BD8174861BFE716800B41B6B /* BUN.h */,
				BD8174871BFE716800B41B6B /* BUN.m */,
				BD62CA7A1BFF627000FD2DB5 /* BUNConcentration.h */,
				BD62CA7B1BFF627000FD2DB5 /* BUNConcentration.m */,
				BD3B0DA11C000A3200E28932 /* Albumin.h */,
				BD3B0DA21C000A3200E28932 /* Albumin.m */,
				BD3B0DA71C000FA600E28932 /* AlbuminConcentration.h */,
				BD3B0DA81C000FA600E28932 /* AlbuminConcentration.m */,
			);
			name = ClearanceGroup;
			sourceTree = "<group>";
		};
		BDC2184E1BDFC90E00A3D172 /* GeneralTypes */ = {
			isa = PBXGroup;
			children = (
				BDC2184F1BDFC96700A3D172 /* NumberValue.h */,
				BDC218561BDFC9CD00A3D172 /* TableItem.h */,
				BDC218571BDFC9CD00A3D172 /* TableItem.m */,
				BDC218651BDFD0E600A3D172 /* EliminationTableItem.h */,
				BDC218661BDFD0E600A3D172 /* EliminationTableItem.m */,
				BDC2187A1BDFD90200A3D172 /* Volume.h */,
				BDC2187B1BDFD90200A3D172 /* Volume.m */,
				BDC2187D1BDFD90F00A3D172 /* Molecule.h */,
				BDC2187E1BDFD90F00A3D172 /* Molecule.m */,
				BDC218801BDFD98C00A3D172 /* Concentration.h */,
				BDC218811BDFD98C00A3D172 /* Concentration.m */,
				BD5ADF6F1BE471CC0037E7D1 /* FlowRate.h */,
				BD5ADF701BE471CC0037E7D1 /* FlowRate.m */,
				BDFD2FA01BE69A62002F370D /* Time.h */,
				BDFD2FA11BE69A62002F370D /* Time.m */,
				BDBFA13D1BF42DAE00C1FDCD /* BaseValue.h */,
				BDBFA13E1BF42DAE00C1FDCD /* BaseValue.m */,
			);
			name = GeneralTypes;
			sourceTree = "<group>";
		};
/* End PBXGroup section */

/* Begin PBXNativeTarget section */
		BDC218081BDFC6DC00A3D172 /* Vancomycin */ = {
			isa = PBXNativeTarget;
			buildConfigurationList = BDC218361BDFC6DC00A3D172 /* Build configuration list for PBXNativeTarget "Vancomycin" */;
			buildPhases = (
				BDC218051BDFC6DC00A3D172 /* Sources */,
				BDC218061BDFC6DC00A3D172 /* Frameworks */,
				BDC218071BDFC6DC00A3D172 /* Resources */,
			);
			buildRules = (
			);
			dependencies = (
			);
			name = Vancomycin;
			productName = Vancomycin;
			productReference = BDC218091BDFC6DC00A3D172 /* Vancomycin.app */;
			productType = "com.apple.product-type.application";
		};
		BDC218211BDFC6DC00A3D172 /* VancomycinTests */ = {
			isa = PBXNativeTarget;
			buildConfigurationList = BDC218391BDFC6DC00A3D172 /* Build configuration list for PBXNativeTarget "VancomycinTests" */;
			buildPhases = (
				BDC2181E1BDFC6DC00A3D172 /* Sources */,
				BDC2181F1BDFC6DC00A3D172 /* Frameworks */,
				BDC218201BDFC6DC00A3D172 /* Resources */,
			);
			buildRules = (
			);
			dependencies = (
				BDC218241BDFC6DC00A3D172 /* PBXTargetDependency */,
			);
			name = VancomycinTests;
			productName = VancomycinTests;
			productReference = BDC218221BDFC6DC00A3D172 /* VancomycinTests.xctest */;
			productType = "com.apple.product-type.bundle.unit-test";
		};
		BDC2182C1BDFC6DC00A3D172 /* VancomycinUITests */ = {
			isa = PBXNativeTarget;
			buildConfigurationList = BDC2183C1BDFC6DC00A3D172 /* Build configuration list for PBXNativeTarget "VancomycinUITests" */;
			buildPhases = (
				BDC218291BDFC6DC00A3D172 /* Sources */,
				BDC2182A1BDFC6DC00A3D172 /* Frameworks */,
				BDC2182B1BDFC6DC00A3D172 /* Resources */,
			);
			buildRules = (
			);
			dependencies = (
				BDC2182F1BDFC6DC00A3D172 /* PBXTargetDependency */,
			);
			name = VancomycinUITests;
			productName = VancomycinUITests;
			productReference = BDC2182D1BDFC6DC00A3D172 /* VancomycinUITests.xctest */;
			productType = "com.apple.product-type.bundle.ui-testing";
		};
/* End PBXNativeTarget section */

/* Begin PBXProject section */
		BDC218011BDFC6DC00A3D172 /* Project object */ = {
			isa = PBXProject;
			attributes = {
				LastUpgradeCheck = 0700;
				ORGANIZATIONNAME = "Brandon Koenning";
				TargetAttributes = {
					BDC218081BDFC6DC00A3D172 = {
						CreatedOnToolsVersion = 7.0.1;
					};
					BDC218211BDFC6DC00A3D172 = {
						CreatedOnToolsVersion = 7.0.1;
						TestTargetID = BDC218081BDFC6DC00A3D172;
					};
					BDC2182C1BDFC6DC00A3D172 = {
						CreatedOnToolsVersion = 7.0.1;
						TestTargetID = BDC218081BDFC6DC00A3D172;
					};
				};
			};
			buildConfigurationList = BDC218041BDFC6DC00A3D172 /* Build configuration list for PBXProject "Vancomycin" */;
			compatibilityVersion = "Xcode 3.2";
			developmentRegion = English;
			hasScannedForEncodings = 0;
			knownRegions = (
				en,
				Base,
			);
			mainGroup = BDC218001BDFC6DC00A3D172;
			productRefGroup = BDC2180A1BDFC6DC00A3D172 /* Products */;
			projectDirPath = "";
			projectRoot = "";
			targets = (
				BDC218081BDFC6DC00A3D172 /* Vancomycin */,
				BDC218211BDFC6DC00A3D172 /* VancomycinTests */,
				BDC2182C1BDFC6DC00A3D172 /* VancomycinUITests */,
			);
		};
/* End PBXProject section */

/* Begin PBXResourcesBuildPhase section */
		BDC218071BDFC6DC00A3D172 /* Resources */ = {
			isa = PBXResourcesBuildPhase;
			buildActionMask = 2147483647;
			files = (
				BDC2181C1BDFC6DC00A3D172 /* LaunchScreen.storyboard in Resources */,
				BDC218191BDFC6DC00A3D172 /* Assets.xcassets in Resources */,
				BDC218171BDFC6DC00A3D172 /* Main.storyboard in Resources */,
			);
			runOnlyForDeploymentPostprocessing = 0;
		};
		BDC218201BDFC6DC00A3D172 /* Resources */ = {
			isa = PBXResourcesBuildPhase;
			buildActionMask = 2147483647;
			files = (
			);
			runOnlyForDeploymentPostprocessing = 0;
		};
		BDC2182B1BDFC6DC00A3D172 /* Resources */ = {
			isa = PBXResourcesBuildPhase;
			buildActionMask = 2147483647;
			files = (
			);
			runOnlyForDeploymentPostprocessing = 0;
		};
/* End PBXResourcesBuildPhase section */

/* Begin PBXSourcesBuildPhase section */
		BDC218051BDFC6DC00A3D172 /* Sources */ = {
			isa = PBXSourcesBuildPhase;
			buildActionMask = 2147483647;
			files = (
				BD5ADF6E1BE45D240037E7D1 /* VancomycinNavigationControllerViewController.m in Sources */,
				BDC2188E1BDFDB4F00A3D172 /* CalculatedClearanceTableViewController.m in Sources */,
				BDFD2FA21BE69A62002F370D /* Time.m in Sources */,
				BD0219EF1BEAA02A00EBB523 /* UrineVolume.m in Sources */,
				BDC218851BDFD9F400A3D172 /* BasicInformationViewController.m in Sources */,
				BDC218521BDFC99700A3D172 /* Gender.m in Sources */,
				BD000B971BEC48C300D04608 /* CreatinineClearance.m in Sources */,
				BDC218111BDFC6DC00A3D172 /* AppDelegate.m in Sources */,
				BDC218971BDFDCD300A3D172 /* _24HourUrineViewController.m in Sources */,
				BDC2188B1BDFDB0000A3D172 /* VancomycinViewController.m in Sources */,
				BDBFA13F1BF42DAE00C1FDCD /* BaseValue.m in Sources */,
				BDC218911BDFDC2700A3D172 /* CreatinineConcentration.m in Sources */,
				BD3B0DA31C000A3200E28932 /* Albumin.m in Sources */,
				BDC218581BDFC9CD00A3D172 /* TableItem.m in Sources */,
				BD62CA7C1BFF627000FD2DB5 /* BUNConcentration.m in Sources */,
				BD8174851BFE707000B41B6B /* SingleValueSerumCreatinineViewController.m in Sources */,
				BDC218821BDFD98C00A3D172 /* Concentration.m in Sources */,
				BDC2186A1BDFD12800A3D172 /* DialysisTableItem.m in Sources */,
				BDC218701BDFD76100A3D172 /* CalculatedClearanceInformation.m in Sources */,
				BDC218551BDFC9B300A3D172 /* Amputations.m in Sources */,
				BDC218761BDFD83000A3D172 /* DualSerumCreatinineInformation.m in Sources */,
				BD8174881BFE716800B41B6B /* BUN.m in Sources */,
				BDC218611BDFCFAA00A3D172 /* SerumCreatinine.m in Sources */,
				BDC2180E1BDFC6DC00A3D172 /* main.m in Sources */,
				BD3B0DA91C000FA600E28932 /* AlbuminConcentration.m in Sources */,
				BD2F8A971BFC1D56007FDCB1 /* DualSerumCreatinineViewController.m in Sources */,
				BDC218791BDFD8BC00A3D172 /* _24HourUrineCollection.m in Sources */,
				BDC2185E1BDFCF9800A3D172 /* RenalInformation.m in Sources */,
				BDC38E791C0E0F4500EFCE5A /* CustomVancomycinCell.m in Sources */,
				BDC2184D1BDFC7BE00A3D172 /* BasicInformation.m in Sources */,
				BDC218671BDFD0E600A3D172 /* EliminationTableItem.m in Sources */,
				BDC218941BDFDC6C00A3D172 /* Creatinine.m in Sources */,
				BD5ADF711BE471CC0037E7D1 /* FlowRate.m in Sources */,
				BDC218881BDFDA8900A3D172 /* RenalInformationViewController.m in Sources */,
				BDC2184A1BDFC7A500A3D172 /* Age.m in Sources */,
				BDC218641BDFD06300A3D172 /* UrineCreatinine.m in Sources */,
				BDC2187F1BDFD90F00A3D172 /* Molecule.m in Sources */,
				BDC2187C1BDFD90200A3D172 /* Volume.m in Sources */,
				BDC218471BDFC79800A3D172 /* Height.m in Sources */,
				BDC218441BDFC78300A3D172 /* Weight.m in Sources */,
				BDC218731BDFD7EA00A3D172 /* SingleSerumCreatinineInformation.m in Sources */,
			);
			runOnlyForDeploymentPostprocessing = 0;
		};
		BDC2181E1BDFC6DC00A3D172 /* Sources */ = {
			isa = PBXSourcesBuildPhase;
			buildActionMask = 2147483647;
			files = (
				BDC218271BDFC6DC00A3D172 /* VancomycinTests.m in Sources */,
			);
			runOnlyForDeploymentPostprocessing = 0;
		};
		BDC218291BDFC6DC00A3D172 /* Sources */ = {
			isa = PBXSourcesBuildPhase;
			buildActionMask = 2147483647;
			files = (
				BDC218321BDFC6DC00A3D172 /* VancomycinUITests.m in Sources */,
			);
			runOnlyForDeploymentPostprocessing = 0;
		};
/* End PBXSourcesBuildPhase section */

/* Begin PBXTargetDependency section */
		BDC218241BDFC6DC00A3D172 /* PBXTargetDependency */ = {
			isa = PBXTargetDependency;
			target = BDC218081BDFC6DC00A3D172 /* Vancomycin */;
			targetProxy = BDC218231BDFC6DC00A3D172 /* PBXContainerItemProxy */;
		};
		BDC2182F1BDFC6DC00A3D172 /* PBXTargetDependency */ = {
			isa = PBXTargetDependency;
			target = BDC218081BDFC6DC00A3D172 /* Vancomycin */;
			targetProxy = BDC2182E1BDFC6DC00A3D172 /* PBXContainerItemProxy */;
		};
/* End PBXTargetDependency section */

/* Begin PBXVariantGroup section */
		BDC218151BDFC6DC00A3D172 /* Main.storyboard */ = {
			isa = PBXVariantGroup;
			children = (
				BDC218161BDFC6DC00A3D172 /* Base */,
			);
			name = Main.storyboard;
			sourceTree = "<group>";
		};
		BDC2181A1BDFC6DC00A3D172 /* LaunchScreen.storyboard */ = {
			isa = PBXVariantGroup;
			children = (
				BDC2181B1BDFC6DC00A3D172 /* Base */,
			);
			name = LaunchScreen.storyboard;
			sourceTree = "<group>";
		};
/* End PBXVariantGroup section */

/* Begin XCBuildConfiguration section */
		BDC218341BDFC6DC00A3D172 /* Debug */ = {
			isa = XCBuildConfiguration;
			buildSettings = {
				ALWAYS_SEARCH_USER_PATHS = NO;
				CLANG_CXX_LANGUAGE_STANDARD = "gnu++0x";
				CLANG_CXX_LIBRARY = "libc++";
				CLANG_ENABLE_MODULES = YES;
				CLANG_ENABLE_OBJC_ARC = YES;
				CLANG_WARN_BOOL_CONVERSION = YES;
				CLANG_WARN_CONSTANT_CONVERSION = YES;
				CLANG_WARN_DIRECT_OBJC_ISA_USAGE = YES_ERROR;
				CLANG_WARN_EMPTY_BODY = YES;
				CLANG_WARN_ENUM_CONVERSION = YES;
				CLANG_WARN_INT_CONVERSION = YES;
				CLANG_WARN_OBJC_ROOT_CLASS = YES_ERROR;
				CLANG_WARN_UNREACHABLE_CODE = YES;
				CLANG_WARN__DUPLICATE_METHOD_MATCH = YES;
				"CODE_SIGN_IDENTITY[sdk=iphoneos*]" = "iPhone Developer";
				COPY_PHASE_STRIP = NO;
				DEBUG_INFORMATION_FORMAT = dwarf;
				ENABLE_STRICT_OBJC_MSGSEND = YES;
				ENABLE_TESTABILITY = YES;
				GCC_C_LANGUAGE_STANDARD = gnu99;
				GCC_DYNAMIC_NO_PIC = NO;
				GCC_NO_COMMON_BLOCKS = YES;
				GCC_OPTIMIZATION_LEVEL = 0;
				GCC_PREPROCESSOR_DEFINITIONS = (
					"DEBUG=1",
					"$(inherited)",
				);
				GCC_WARN_64_TO_32_BIT_CONVERSION = YES;
				GCC_WARN_ABOUT_RETURN_TYPE = YES_ERROR;
				GCC_WARN_UNDECLARED_SELECTOR = YES;
				GCC_WARN_UNINITIALIZED_AUTOS = YES_AGGRESSIVE;
				GCC_WARN_UNUSED_FUNCTION = YES;
				GCC_WARN_UNUSED_VARIABLE = YES;
				IPHONEOS_DEPLOYMENT_TARGET = 9.0;
				MTL_ENABLE_DEBUG_INFO = YES;
				ONLY_ACTIVE_ARCH = YES;
				SDKROOT = iphoneos;
			};
			name = Debug;
		};
		BDC218351BDFC6DC00A3D172 /* Release */ = {
			isa = XCBuildConfiguration;
			buildSettings = {
				ALWAYS_SEARCH_USER_PATHS = NO;
				CLANG_CXX_LANGUAGE_STANDARD = "gnu++0x";
				CLANG_CXX_LIBRARY = "libc++";
				CLANG_ENABLE_MODULES = YES;
				CLANG_ENABLE_OBJC_ARC = YES;
				CLANG_WARN_BOOL_CONVERSION = YES;
				CLANG_WARN_CONSTANT_CONVERSION = YES;
				CLANG_WARN_DIRECT_OBJC_ISA_USAGE = YES_ERROR;
				CLANG_WARN_EMPTY_BODY = YES;
				CLANG_WARN_ENUM_CONVERSION = YES;
				CLANG_WARN_INT_CONVERSION = YES;
				CLANG_WARN_OBJC_ROOT_CLASS = YES_ERROR;
				CLANG_WARN_UNREACHABLE_CODE = YES;
				CLANG_WARN__DUPLICATE_METHOD_MATCH = YES;
				"CODE_SIGN_IDENTITY[sdk=iphoneos*]" = "iPhone Developer";
				COPY_PHASE_STRIP = NO;
				DEBUG_INFORMATION_FORMAT = "dwarf-with-dsym";
				ENABLE_NS_ASSERTIONS = NO;
				ENABLE_STRICT_OBJC_MSGSEND = YES;
				GCC_C_LANGUAGE_STANDARD = gnu99;
				GCC_NO_COMMON_BLOCKS = YES;
				GCC_WARN_64_TO_32_BIT_CONVERSION = YES;
				GCC_WARN_ABOUT_RETURN_TYPE = YES_ERROR;
				GCC_WARN_UNDECLARED_SELECTOR = YES;
				GCC_WARN_UNINITIALIZED_AUTOS = YES_AGGRESSIVE;
				GCC_WARN_UNUSED_FUNCTION = YES;
				GCC_WARN_UNUSED_VARIABLE = YES;
				IPHONEOS_DEPLOYMENT_TARGET = 9.0;
				MTL_ENABLE_DEBUG_INFO = NO;
				SDKROOT = iphoneos;
				VALIDATE_PRODUCT = YES;
			};
			name = Release;
		};
		BDC218371BDFC6DC00A3D172 /* Debug */ = {
			isa = XCBuildConfiguration;
			buildSettings = {
				ASSETCATALOG_COMPILER_APPICON_NAME = AppIcon;
				INFOPLIST_FILE = Vancomycin/Info.plist;
				LD_RUNPATH_SEARCH_PATHS = "$(inherited) @executable_path/Frameworks";
				PRODUCT_BUNDLE_IDENTIFIER = BK.Vancomycin;
				PRODUCT_NAME = "$(TARGET_NAME)";
			};
			name = Debug;
		};
		BDC218381BDFC6DC00A3D172 /* Release */ = {
			isa = XCBuildConfiguration;
			buildSettings = {
				ASSETCATALOG_COMPILER_APPICON_NAME = AppIcon;
				INFOPLIST_FILE = Vancomycin/Info.plist;
				LD_RUNPATH_SEARCH_PATHS = "$(inherited) @executable_path/Frameworks";
				PRODUCT_BUNDLE_IDENTIFIER = BK.Vancomycin;
				PRODUCT_NAME = "$(TARGET_NAME)";
			};
			name = Release;
		};
		BDC2183A1BDFC6DC00A3D172 /* Debug */ = {
			isa = XCBuildConfiguration;
			buildSettings = {
				BUNDLE_LOADER = "$(TEST_HOST)";
				INFOPLIST_FILE = VancomycinTests/Info.plist;
				LD_RUNPATH_SEARCH_PATHS = "$(inherited) @executable_path/Frameworks @loader_path/Frameworks";
				PRODUCT_BUNDLE_IDENTIFIER = BK.VancomycinTests;
				PRODUCT_NAME = "$(TARGET_NAME)";
				TEST_HOST = "$(BUILT_PRODUCTS_DIR)/Vancomycin.app/Vancomycin";
			};
			name = Debug;
		};
		BDC2183B1BDFC6DC00A3D172 /* Release */ = {
			isa = XCBuildConfiguration;
			buildSettings = {
				BUNDLE_LOADER = "$(TEST_HOST)";
				INFOPLIST_FILE = VancomycinTests/Info.plist;
				LD_RUNPATH_SEARCH_PATHS = "$(inherited) @executable_path/Frameworks @loader_path/Frameworks";
				PRODUCT_BUNDLE_IDENTIFIER = BK.VancomycinTests;
				PRODUCT_NAME = "$(TARGET_NAME)";
				TEST_HOST = "$(BUILT_PRODUCTS_DIR)/Vancomycin.app/Vancomycin";
			};
			name = Release;
		};
		BDC2183D1BDFC6DC00A3D172 /* Debug */ = {
			isa = XCBuildConfiguration;
			buildSettings = {
				INFOPLIST_FILE = VancomycinUITests/Info.plist;
				LD_RUNPATH_SEARCH_PATHS = "$(inherited) @executable_path/Frameworks @loader_path/Frameworks";
				PRODUCT_BUNDLE_IDENTIFIER = BK.VancomycinUITests;
				PRODUCT_NAME = "$(TARGET_NAME)";
				TEST_TARGET_NAME = Vancomycin;
				USES_XCTRUNNER = YES;
			};
			name = Debug;
		};
		BDC2183E1BDFC6DC00A3D172 /* Release */ = {
			isa = XCBuildConfiguration;
			buildSettings = {
				INFOPLIST_FILE = VancomycinUITests/Info.plist;
				LD_RUNPATH_SEARCH_PATHS = "$(inherited) @executable_path/Frameworks @loader_path/Frameworks";
				PRODUCT_BUNDLE_IDENTIFIER = BK.VancomycinUITests;
				PRODUCT_NAME = "$(TARGET_NAME)";
				TEST_TARGET_NAME = Vancomycin;
				USES_XCTRUNNER = YES;
			};
			name = Release;
		};
/* End XCBuildConfiguration section */

/* Begin XCConfigurationList section */
		BDC218041BDFC6DC00A3D172 /* Build configuration list for PBXProject "Vancomycin" */ = {
			isa = XCConfigurationList;
			buildConfigurations = (
				BDC218341BDFC6DC00A3D172 /* Debug */,
				BDC218351BDFC6DC00A3D172 /* Release */,
			);
			defaultConfigurationIsVisible = 0;
			defaultConfigurationName = Release;
		};
		BDC218361BDFC6DC00A3D172 /* Build configuration list for PBXNativeTarget "Vancomycin" */ = {
			isa = XCConfigurationList;
			buildConfigurations = (
				BDC218371BDFC6DC00A3D172 /* Debug */,
				BDC218381BDFC6DC00A3D172 /* Release */,
			);
			defaultConfigurationIsVisible = 0;
			defaultConfigurationName = Release;
		};
		BDC218391BDFC6DC00A3D172 /* Build configuration list for PBXNativeTarget "VancomycinTests" */ = {
			isa = XCConfigurationList;
			buildConfigurations = (
				BDC2183A1BDFC6DC00A3D172 /* Debug */,
				BDC2183B1BDFC6DC00A3D172 /* Release */,
			);
			defaultConfigurationIsVisible = 0;
			defaultConfigurationName = Release;
		};
		BDC2183C1BDFC6DC00A3D172 /* Build configuration list for PBXNativeTarget "VancomycinUITests" */ = {
			isa = XCConfigurationList;
			buildConfigurations = (
				BDC2183D1BDFC6DC00A3D172 /* Debug */,
				BDC2183E1BDFC6DC00A3D172 /* Release */,
			);
			defaultConfigurationIsVisible = 0;
			defaultConfigurationName = Release;
		};
/* End XCConfigurationList section */
	};
	rootObject = BDC218011BDFC6DC00A3D172 /* Project object */;
}
